
Microsoft Visual Studio Solution File, Format Version 12.00
Project("{FAE04EC0-301F-11D3-BF4B-00C04F79EFBC}") = "ExceptionsPerformance", "ExceptionsPerformance\ExceptionsPerformance.csproj", "{988215FC-AC98-47D9-A3FE-84B254230236}"
EndProject
Global
	GlobalSection(SolutionConfigurationPlatforms) = preSolution
		Debug|Any CPU = Debug|Any CPU
		Release|Any CPU = Release|Any CPU
	EndGlobalSection
	GlobalSection(ProjectConfigurationPlatforms) = postSolution
		{988215FC-AC98-47D9-A3FE-84B254230236}.Debug|Any CPU.ActiveCfg = Debug|Any CPU
		{988215FC-AC98-47D9-A3FE-84B254230236}.Debug|Any CPU.Build.0 = Debug|Any CPU
		{988215FC-AC98-47D9-A3FE-84B254230236}.Release|Any CPU.ActiveCfg = Release|Any CPU
		{988215FC-AC98-47D9-A3FE-84B254230236}.Release|Any CPU.Build.0 = Release|Any CPU
	EndGlobalSection
EndGlobal
